
Microsoft Visual Studio Solution File, Format Version 12.00
# Visual Studio Version 16
VisualStudioVersion = 16.0.31321.278
MinimumVisualStudioVersion = 10.0.40219.1
Project("{9A19103F-16F7-4668-BE54-9A1E7A4F7556}") = "BooksNexos", "BooksNexos\BooksNexos.csproj", "{17C1A291-D355-465F-9FB1-66A3FE1868EB}"
EndProject
Project("{9A19103F-16F7-4668-BE54-9A1E7A4F7556}") = "Data", "Data\Data.csproj", "{115C7CAE-2B83-46F9-B21D-8AE1A8E52C6F}"
EndProject
Project("{FAE04EC0-301F-11D3-BF4B-00C04F79EFBC}") = "Services", "Services\Services.csproj", "{E5DB14D0-C707-4670-8B0F-4CA1791875A9}"
EndProject
Global
	GlobalSection(SolutionConfigurationPlatforms) = preSolution
		Debug|Any CPU = Debug|Any CPU
		Release|Any CPU = Release|Any CPU
	EndGlobalSection
	GlobalSection(ProjectConfigurationPlatforms) = postSolution
		{17C1A291-D355-465F-9FB1-66A3FE1868EB}.Debug|Any CPU.ActiveCfg = Debug|Any CPU
		{17C1A291-D355-465F-9FB1-66A3FE1868EB}.Debug|Any CPU.Build.0 = Debug|Any CPU
		{17C1A291-D355-465F-9FB1-66A3FE1868EB}.Release|Any CPU.ActiveCfg = Release|Any CPU
		{17C1A291-D355-465F-9FB1-66A3FE1868EB}.Release|Any CPU.Build.0 = Release|Any CPU
		{115C7CAE-2B83-46F9-B21D-8AE1A8E52C6F}.Debug|Any CPU.ActiveCfg = Debug|Any CPU
		{115C7CAE-2B83-46F9-B21D-8AE1A8E52C6F}.Debug|Any CPU.Build.0 = Debug|Any CPU
		{115C7CAE-2B83-46F9-B21D-8AE1A8E52C6F}.Release|Any CPU.ActiveCfg = Release|Any CPU
		{115C7CAE-2B83-46F9-B21D-8AE1A8E52C6F}.Release|Any CPU.Build.0 = Release|Any CPU
		{E5DB14D0-C707-4670-8B0F-4CA1791875A9}.Debug|Any CPU.ActiveCfg = Debug|Any CPU
		{E5DB14D0-C707-4670-8B0F-4CA1791875A9}.Debug|Any CPU.Build.0 = Debug|Any CPU
		{E5DB14D0-C707-4670-8B0F-4CA1791875A9}.Release|Any CPU.ActiveCfg = Release|Any CPU
		{E5DB14D0-C707-4670-8B0F-4CA1791875A9}.Release|Any CPU.Build.0 = Release|Any CPU
	EndGlobalSection
	GlobalSection(SolutionProperties) = preSolution
		HideSolutionNode = FALSE
	EndGlobalSection
	GlobalSection(ExtensibilityGlobals) = postSolution
		SolutionGuid = {F05325EF-A0A8-4DFE-9F65-A9EC8B4446F8}
	EndGlobalSection
EndGlobal
